{
  "object": {
    "pins": [
      {
        "package": "Aperture",
        "repositoryURL": "https://github.com/tapehq/Aperture",
        "state": {
          "branch": "try/5.2.0+scalefactor",
          "revision": "a5d460104726e0205f903ab988a1ecf91ea46eb2",
          "version": null
        }
      }
    ]
  },
  "version": 1
}
